
Microsoft Visual Studio Solution File, Format Version 12.00
# Visual Studio 15
VisualStudioVersion = 15.0.27004.2002
MinimumVisualStudioVersion = 10.0.40219.1
Project("{8BC9CEB8-8B4A-11D0-8D11-00A0C91BC942}") = "VoteCounter", "VoteCounter\VoteCounter.vcxproj", "{822C3498-627F-4C39-B441-43D054DECAB0}"
EndProject
Global
	GlobalSection(SolutionConfigurationPlatforms) = preSolution
		Debug|x64 = Debug|x64
		Debug|x86 = Debug|x86
		Release|x64 = Release|x64
		Release|x86 = Release|x86
	EndGlobalSection
	GlobalSection(ProjectConfigurationPlatforms) = postSolution
		{822C3498-627F-4C39-B441-43D054DECAB0}.Debug|x64.ActiveCfg = Debug|x64
		{822C3498-627F-4C39-B441-43D054DECAB0}.Debug|x64.Build.0 = Debug|x64
		{822C3498-627F-4C39-B441-43D054DECAB0}.Debug|x86.ActiveCfg = Debug|Win32
		{822C3498-627F-4C39-B441-43D054DECAB0}.Debug|x86.Build.0 = Debug|Win32
		{822C3498-627F-4C39-B441-43D054DECAB0}.Release|x64.ActiveCfg = Release|x64
		{822C3498-627F-4C39-B441-43D054DECAB0}.Release|x64.Build.0 = Release|x64
		{822C3498-627F-4C39-B441-43D054DECAB0}.Release|x86.ActiveCfg = Release|Win32
		{822C3498-627F-4C39-B441-43D054DECAB0}.Release|x86.Build.0 = Release|Win32
	EndGlobalSection
	GlobalSection(SolutionProperties) = preSolution
		HideSolutionNode = FALSE
	EndGlobalSection
	GlobalSection(ExtensibilityGlobals) = postSolution
		SolutionGuid = {247E2FCF-5712-425D-8F41-9ACDEECF5A7E}
	EndGlobalSection
EndGlobal
